
Microsoft Visual Studio Solution File, Format Version 12.00
# Visual Studio Version 16
VisualStudioVersion = 16.0.29728.190
MinimumVisualStudioVersion = 10.0.40219.1
Project("{FAE04EC0-301F-11D3-BF4B-00C04F79EFBC}") = "circustrein", "circustrein\circustrein.csproj", "{59C42D80-A6D4-491D-9886-AC7FF83194BD}"
EndProject
Project("{FAE04EC0-301F-11D3-BF4B-00C04F79EFBC}") = "circustreinUNITTEST", "circustreinUNITTEST\circustreinUNITTEST.csproj", "{11B7A7F0-8B98-4EFF-BBBB-41F36284B14F}"
EndProject
Global
	GlobalSection(SolutionConfigurationPlatforms) = preSolution
		Debug|Any CPU = Debug|Any CPU
		Release|Any CPU = Release|Any CPU
	EndGlobalSection
	GlobalSection(ProjectConfigurationPlatforms) = postSolution
		{59C42D80-A6D4-491D-9886-AC7FF83194BD}.Debug|Any CPU.ActiveCfg = Debug|Any CPU
		{59C42D80-A6D4-491D-9886-AC7FF83194BD}.Debug|Any CPU.Build.0 = Debug|Any CPU
		{59C42D80-A6D4-491D-9886-AC7FF83194BD}.Release|Any CPU.ActiveCfg = Release|Any CPU
		{59C42D80-A6D4-491D-9886-AC7FF83194BD}.Release|Any CPU.Build.0 = Release|Any CPU
		{11B7A7F0-8B98-4EFF-BBBB-41F36284B14F}.Debug|Any CPU.ActiveCfg = Debug|Any CPU
		{11B7A7F0-8B98-4EFF-BBBB-41F36284B14F}.Debug|Any CPU.Build.0 = Debug|Any CPU
		{11B7A7F0-8B98-4EFF-BBBB-41F36284B14F}.Release|Any CPU.ActiveCfg = Release|Any CPU
		{11B7A7F0-8B98-4EFF-BBBB-41F36284B14F}.Release|Any CPU.Build.0 = Release|Any CPU
	EndGlobalSection
	GlobalSection(SolutionProperties) = preSolution
		HideSolutionNode = FALSE
	EndGlobalSection
	GlobalSection(ExtensibilityGlobals) = postSolution
		SolutionGuid = {AEB864FC-0192-443D-81C4-C4E8153942F1}
	EndGlobalSection
EndGlobal
